
Microsoft Visual Studio Solution File, Format Version 12.00
# Visual Studio Version 17
VisualStudioVersion = 17.5.33627.172
MinimumVisualStudioVersion = 10.0.40219.1
Project("{FAE04EC0-301F-11D3-BF4B-00C04F79EFBC}") = "Agenda", "Agenda.csproj", "{C4C3E6CC-D257-4A3C-A11A-35BB3DF4B870}"
EndProject
Global
	GlobalSection(SolutionConfigurationPlatforms) = preSolution
		Debug|Any CPU = Debug|Any CPU
		Release|Any CPU = Release|Any CPU
	EndGlobalSection
	GlobalSection(ProjectConfigurationPlatforms) = postSolution
		{C4C3E6CC-D257-4A3C-A11A-35BB3DF4B870}.Debug|Any CPU.ActiveCfg = Debug|Any CPU
		{C4C3E6CC-D257-4A3C-A11A-35BB3DF4B870}.Debug|Any CPU.Build.0 = Debug|Any CPU
		{C4C3E6CC-D257-4A3C-A11A-35BB3DF4B870}.Release|Any CPU.ActiveCfg = Release|Any CPU
		{C4C3E6CC-D257-4A3C-A11A-35BB3DF4B870}.Release|Any CPU.Build.0 = Release|Any CPU
	EndGlobalSection
	GlobalSection(SolutionProperties) = preSolution
		HideSolutionNode = FALSE
	EndGlobalSection
	GlobalSection(ExtensibilityGlobals) = postSolution
		SolutionGuid = {17F06D6A-3D36-4A2A-818D-A6629D9D198E}
	EndGlobalSection
EndGlobal
